PATH
  remote: ../../legion-llm/.worktrees/feature/llm-skills
  specs:
    legion-llm (0.6.31)
      concurrent-ruby
      faraday
      legion-json (>= 1.2.0)
      legion-logging (>= 1.2.8)
      legion-settings (>= 1.3.12)
      lex-bedrock
      lex-claude
      lex-gemini
      lex-knowledge
      lex-openai
      ruby_llm (~> 1.13)
      tzinfo (>= 2.0)

PATH
  remote: ../../rubocop-legion
  specs:
    rubocop-legion (0.1.7)
      lint_roller (~> 1.1)
      rubocop (~> 1.86)
      rubocop-ast (~> 1.44)
      rubocop-performance (~> 1.25)
      rubocop-thread_safety (~> 0.7)

PATH
  remote: .
  specs:
    lex-skill-superpowers (0.1.0)
      legion-llm (>= 0.6)

GEM
  remote: https://rubygems.org/
  specs:
    amq-protocol (2.7.0)
    ast (2.4.3)
    aws-eventstream (1.4.0)
    aws-partitions (1.1237.0)
    aws-sdk-bedrock (1.81.0)
      aws-sdk-core (~> 3, >= 3.244.0)
      aws-sigv4 (~> 1.5)
    aws-sdk-bedrockruntime (1.75.0)
      aws-sdk-core (~> 3, >= 3.244.0)
      aws-sigv4 (~> 1.5)
    aws-sdk-core (3.244.0)
      aws-eventstream (~> 1, >= 1.3.0)
      aws-partitions (~> 1, >= 1.992.0)
      aws-sigv4 (~> 1.9)
      base64
      bigdecimal
      jmespath (~> 1, >= 1.6.1)
      logger
    aws-sigv4 (1.12.1)
      aws-eventstream (~> 1, >= 1.0.2)
    base64 (0.3.0)
    bigdecimal (4.1.1)
    bunny (3.1.0)
      amq-protocol (~> 2.7)
      logger (~> 1, >= 1.7)
      sorted_set (~> 1, >= 1.0.2)
    concurrent-ruby (1.3.6)
    connection_pool (3.0.2)
    csv (3.3.5)
    dalli (5.0.2)
      logger
    diff-lcs (1.6.2)
    ed25519 (1.4.0)
    event_stream_parser (1.0.0)
    faraday (2.14.1)
      faraday-net_http (>= 2.0, < 3.5)
      json
      logger
    faraday-multipart (1.2.0)
      multipart-post (~> 2.0)
    faraday-net_http (3.4.2)
      net-http (~> 0.5)
    faraday-retry (2.4.0)
      faraday (~> 2.0)
    jmespath (1.6.2)
    json (2.19.3)
    json_pure (2.8.1)
    jwt (3.1.2)
      base64
    language_server-protocol (3.17.0.5)
    legion-cache (1.4.1)
      concurrent-ruby (>= 1.2)
      connection_pool (>= 2.4)
      dalli (>= 3.0)
      legion-logging (>= 1.5.0)
      legion-settings (>= 1.3.12)
      redis (>= 5.0)
    legion-crypt (1.5.9)
      concurrent-ruby (~> 1.3)
      ed25519 (~> 1.3)
      jwt (>= 2.7)
      legion-logging (>= 1.5.0)
      vault (>= 0.17)
    legion-data (1.6.23)
      csv (>= 3.2)
      legion-logging (>= 1.5.0)
      legion-settings (>= 1.3.26)
      sequel (>= 5.70)
      sqlite3 (>= 2.0)
    legion-json (1.3.2)
      json_pure
      multi_json
    legion-logging (1.5.1)
      logger
      rainbow (~> 3)
    legion-settings (1.3.26)
      legion-json (>= 1.2.0)
      legion-logging (>= 1.5.0)
    legion-transport (1.4.16)
      bunny (>= 2.23)
      concurrent-ruby (>= 1.2)
      legion-json (>= 1.2.0)
      legion-logging (>= 1.5.0)
      legion-settings (>= 1.3.12)
      logger
    lex-bedrock (0.2.2)
      aws-sdk-bedrock
      aws-sdk-bedrockruntime
      legion-cache (>= 1.3.11)
      legion-crypt (>= 1.4.9)
      legion-data (>= 1.4.17)
      legion-json (>= 1.2.1)
      legion-logging (>= 1.3.2)
      legion-settings (>= 1.3.14)
      legion-transport (>= 1.3.9)
    lex-claude (0.3.3)
      faraday (>= 2.0)
      legion-cache (>= 1.3.11)
      legion-crypt (>= 1.4.9)
      legion-data (>= 1.4.17)
      legion-json (>= 1.2.1)
      legion-logging (>= 1.3.2)
      legion-settings (>= 1.3.14)
      legion-transport (>= 1.3.9)
      multi_json
    lex-gemini (0.1.5)
      faraday (>= 2.0)
      legion-cache (>= 1.3.11)
      legion-crypt (>= 1.4.9)
      legion-data (>= 1.4.17)
      legion-json (>= 1.2.1)
      legion-logging (>= 1.3.2)
      legion-settings (>= 1.3.14)
      legion-transport (>= 1.3.9)
    lex-knowledge (0.6.6)
      legion-cache (>= 1.3.13)
      legion-crypt (>= 1.4.9)
      legion-data (>= 1.5.0)
      legion-json (>= 1.2.1)
      legion-logging (>= 1.3.3)
      legion-settings (>= 1.3.15)
      legion-transport (>= 1.3.11)
    lex-openai (0.1.5)
      faraday (>= 2.0)
      faraday-multipart (>= 1.0)
      legion-cache (>= 1.3.11)
      legion-crypt (>= 1.4.9)
      legion-data (>= 1.4.17)
      legion-json (>= 1.2.1)
      legion-logging (>= 1.3.2)
      legion-settings (>= 1.3.14)
      legion-transport (>= 1.3.9)
    lint_roller (1.1.0)
    logger (1.7.0)
    marcel (1.1.0)
    multi_json (1.20.1)
    multipart-post (2.4.1)
    net-http (0.9.1)
      uri (>= 0.11.1)
    net-http-persistent (4.0.8)
      connection_pool (>= 2.2.4, < 4)
    parallel (2.0.1)
    parser (3.3.11.1)
      ast (~> 2.4.1)
      racc
    prism (1.9.0)
    racc (1.8.1)
    rainbow (3.1.1)
    rbtree (0.4.6)
    redis (5.4.1)
      redis-client (>= 0.22.0)
    redis-client (0.28.0)
      connection_pool
    regexp_parser (2.12.0)
    rspec (3.13.2)
      rspec-core (~> 3.13.0)
      rspec-expectations (~> 3.13.0)
      rspec-mocks (~> 3.13.0)
    rspec-core (3.13.6)
      rspec-support (~> 3.13.0)
    rspec-expectations (3.13.5)
      diff-lcs (>= 1.2.0, < 2.0)
      rspec-support (~> 3.13.0)
    rspec-mocks (3.13.8)
      diff-lcs (>= 1.2.0, < 2.0)
      rspec-support (~> 3.13.0)
    rspec-support (3.13.7)
    rubocop (1.86.1)
      json (~> 2.3)
      language_server-protocol (~> 3.17.0.2)
      lint_roller (~> 1.1.0)
      parallel (>= 1.10)
      parser (>= 3.3.0.2)
      rainbow (>= 2.2.2, < 4.0)
      regexp_parser (>= 2.9.3, < 3.0)
      rubocop-ast (>= 1.49.0, < 2.0)
      ruby-progressbar (~> 1.7)
      unicode-display_width (>= 2.4.0, < 4.0)
    rubocop-ast (1.49.1)
      parser (>= 3.3.7.2)
      prism (~> 1.7)
    rubocop-performance (1.26.1)
      lint_roller (~> 1.1)
      rubocop (>= 1.75.0, < 2.0)
      rubocop-ast (>= 1.47.1, < 2.0)
    rubocop-thread_safety (0.7.3)
      lint_roller (~> 1.1)
      rubocop (~> 1.72, >= 1.72.1)
      rubocop-ast (>= 1.44.0, < 2.0)
    ruby-progressbar (1.13.0)
    ruby_llm (1.14.1)
      base64
      event_stream_parser (~> 1)
      faraday (>= 1.10.0)
      faraday-multipart (>= 1)
      faraday-net_http (>= 1)
      faraday-retry (>= 1)
      marcel (~> 1)
      ruby_llm-schema (~> 0)
      zeitwerk (~> 2)
    ruby_llm-schema (0.3.0)
    sequel (5.103.0)
      bigdecimal
    sorted_set (1.1.0)
      rbtree
    sqlite3 (2.9.2-aarch64-linux-gnu)
    sqlite3 (2.9.2-aarch64-linux-musl)
    sqlite3 (2.9.2-arm-linux-gnu)
    sqlite3 (2.9.2-arm-linux-musl)
    sqlite3 (2.9.2-arm64-darwin)
    sqlite3 (2.9.2-x86-linux-gnu)
    sqlite3 (2.9.2-x86-linux-musl)
    sqlite3 (2.9.2-x86_64-darwin)
    sqlite3 (2.9.2-x86_64-linux-gnu)
    sqlite3 (2.9.2-x86_64-linux-musl)
    tzinfo (2.0.6)
      concurrent-ruby (~> 1.0)
    unicode-display_width (3.2.0)
      unicode-emoji (~> 4.1)
    unicode-emoji (4.2.0)
    uri (1.1.1)
    vault (0.20.1)
      aws-sigv4
      base64
      net-http-persistent (~> 4.0, >= 4.0.2)
    zeitwerk (2.7.5)

PLATFORMS
  aarch64-linux-gnu
  aarch64-linux-musl
  arm-linux-gnu
  arm-linux-musl
  arm64-darwin
  x86-linux-gnu
  x86-linux-musl
  x86_64-darwin
  x86_64-linux-gnu
  x86_64-linux-musl

DEPENDENCIES
  legion-llm!
  lex-skill-superpowers!
  rspec (~> 3.0)
  rubocop
  rubocop-legion!

CHECKSUMS
  amq-protocol (2.7.0) sha256=a798da91f076cf8225193739d09785201f72acbc5293282a3592ad3eda5b3afc
  ast (2.4.3) sha256=954615157c1d6a382bc27d690d973195e79db7f55e9765ac7c481c60bdb4d383
  aws-eventstream (1.4.0) sha256=116bf85c436200d1060811e6f5d2d40c88f65448f2125bc77ffce5121e6e183b
  aws-partitions (1.1237.0) sha256=9b82f529b69ad83a8e4c5e123038924ed5e8f59bd6064a293ef20efc63364841
  aws-sdk-bedrock (1.81.0) sha256=05bef79b0bb97289cb86d46b930b73d49c61b3723d2513f2a04fbe58efcab8a2
  aws-sdk-bedrockruntime (1.75.0) sha256=933741518b1235c4e12b47ef797e6b239936ca00659d94ce4146c8df3cc19b98
  aws-sdk-core (3.244.0) sha256=3e458c078b0c5bdee95bc370c3a483374b3224cf730c1f9f0faf849a5d9a18ea
  aws-sigv4 (1.12.1) sha256=6973ff95cb0fd0dc58ba26e90e9510a2219525d07620c8babeb70ef831826c00
  base64 (0.3.0) sha256=27337aeabad6ffae05c265c450490628ef3ebd4b67be58257393227588f5a97b
  bigdecimal (4.1.1) sha256=1c09efab961da45203c8316b0cdaec0ff391dfadb952dd459584b63ebf8054ca
  bunny (3.1.0) sha256=fd09ea8be3fbb7fe4b1063f874094b444f762f2da1692b3341751af7c6d62f3c
  concurrent-ruby (1.3.6) sha256=6b56837e1e7e5292f9864f34b69c5a2cbc75c0cf5338f1ce9903d10fa762d5ab
  connection_pool (3.0.2) sha256=33fff5ba71a12d2aa26cb72b1db8bba2a1a01823559fb01d29eb74c286e62e0a
  csv (3.3.5) sha256=6e5134ac3383ef728b7f02725d9872934f523cb40b961479f69cf3afa6c8e73f
  dalli (5.0.2) sha256=818469227b9acdd9da3fc65ec5ae75d4020115545879e5e8f95634085e9a8749
  diff-lcs (1.6.2) sha256=9ae0d2cba7d4df3075fe8cd8602a8604993efc0dfa934cff568969efb1909962
  ed25519 (1.4.0) sha256=16e97f5198689a154247169f3453ef4cfd3f7a47481fde0ae33206cdfdcac506
  event_stream_parser (1.0.0) sha256=a2683bab70126286f8184dc88f7968ffc4028f813161fb073ec90d171f7de3c8
  faraday (2.14.1) sha256=a43cceedc1e39d188f4d2cdd360a8aaa6a11da0c407052e426ba8d3fb42ef61c
  faraday-multipart (1.2.0) sha256=7d89a949693714176f612323ca13746a2ded204031a6ba528adee788694ef757
  faraday-net_http (3.4.2) sha256=f147758260d3526939bf57ecf911682f94926a3666502e24c69992765875906c
  faraday-retry (2.4.0) sha256=7b79c48fb7e56526faf247b12d94a680071ff40c9fda7cf1ec1549439ad11ebe
  jmespath (1.6.2) sha256=238d774a58723d6c090494c8879b5e9918c19485f7e840f2c1c7532cf84ebcb1
  json (2.19.3) sha256=289b0bb53052a1fa8c34ab33cc750b659ba14a5c45f3fcf4b18762dc67c78646
  json_pure (2.8.1) sha256=6a877929ba9d4fa0808ccc38656d1b15d138b2aa0aa32037ee05abea13427ace
  jwt (3.1.2) sha256=af6991f19a6bb4060d618d9add7a66f0eeb005ac0bc017cd01f63b42e122d535
  language_server-protocol (3.17.0.5) sha256=fd1e39a51a28bf3eec959379985a72e296e9f9acfce46f6a79d31ca8760803cc
  legion-cache (1.4.1) sha256=585420885851bb778a502358fdc9705d9a70ce929c5158ab007447e778d3607d
  legion-crypt (1.5.9) sha256=854d2a52f6d4707a0a288f8d210c23ecb450829e72e67efa0c0a9874b05ade60
  legion-data (1.6.23) sha256=eb4e4cc62309f2f917ca09ca76236cef01886fd2c8aa9564fbf71e58bbf09bda
  legion-json (1.3.2) sha256=f16d910cbba7ee7151b81007e4806d78787205d652ba06f949c1dab7bd970565
  legion-llm (0.6.31)
  legion-logging (1.5.1) sha256=b90cfb2e087e0149b126b95fd9289b259b589604e528ff4e25652a840f49dd38
  legion-settings (1.3.26) sha256=e30d7a674cb799637c43c200604fe9f729159254709d3eada879856efbf24cf4
  legion-transport (1.4.16) sha256=f6507b79885aac7c9ca3e6e281aa79d10d6c02dbd42a3bf089b57dd0fce2efe4
  lex-bedrock (0.2.2) sha256=f82857465f3c28e9014bbc7c2934f824c8907ccdfe3034fcf6091f6283ca13fc
  lex-claude (0.3.3) sha256=31a36e37ea039170e69944c4452590bf5105459b22e172c9dfa970791f525754
  lex-gemini (0.1.5) sha256=fecbc9ba794b5fda328c7d04b778838d6fa3ed717963e4849ceb8cc4012b736f
  lex-knowledge (0.6.6) sha256=e92877a5a867c727821197e2f83ca815afb731be4e091bf404b8bdec72ac6d86
  lex-openai (0.1.5) sha256=1ce89b6b5b02e22b6ad5acf5068e9075054505a9e739baa8ee8d7568f4e6d0f4
  lex-skill-superpowers (0.1.0)
  lint_roller (1.1.0) sha256=2c0c845b632a7d172cb849cc90c1bce937a28c5c8ccccb50dfd46a485003cc87
  logger (1.7.0) sha256=196edec7cc44b66cfb40f9755ce11b392f21f7967696af15d274dde7edff0203
  marcel (1.1.0) sha256=fdcfcfa33cc52e93c4308d40e4090a5d4ea279e160a7f6af988260fa970e0bee
  multi_json (1.20.1) sha256=2f3934e805cc45ef91b551a1f89d0e9191abd06a5e04a2ef09a6a036c452ca6d
  multipart-post (2.4.1) sha256=9872d03a8e552020ca096adadbf5e3cb1cd1cdd6acd3c161136b8a5737cdb4a8
  net-http (0.9.1) sha256=25ba0b67c63e89df626ed8fac771d0ad24ad151a858af2cc8e6a716ca4336996
  net-http-persistent (4.0.8) sha256=ef3de8319d691537b329053fae3a33195f8b070bbbfae8bf1a58c796081960e6
  parallel (2.0.1) sha256=337782d3e39f4121e67563bf91dd8ece67f48923d90698614773a0ec9a5b2c7d
  parser (3.3.11.1) sha256=d17ace7aabe3e72c3cc94043714be27cc6f852f104d81aa284c2281aecc65d54
  prism (1.9.0) sha256=7b530c6a9f92c24300014919c9dcbc055bf4cdf51ec30aed099b06cd6674ef85
  racc (1.8.1) sha256=4a7f6929691dbec8b5209a0b373bc2614882b55fc5d2e447a21aaa691303d62f
  rainbow (3.1.1) sha256=039491aa3a89f42efa1d6dec2fc4e62ede96eb6acd95e52f1ad581182b79bc6a
  rbtree (0.4.6) sha256=14eea4469b24fd2472542e5f3eb105d6344c8ccf36f0b56d55fdcfeb4e0f10fc
  redis (5.4.1) sha256=b5e675b57ad22b15c9bcc765d5ac26f60b675408af916d31527af9bd5a81faae
  redis-client (0.28.0) sha256=888892f9cd8787a41c0ece00bdf5f556dfff7770326ce40bb2bc11f1bfec824b
  regexp_parser (2.12.0) sha256=35a916a1d63190ab5c9009457136ae5f3c0c7512d60291d0d1378ba18ce08ebb
  rspec (3.13.2) sha256=206284a08ad798e61f86d7ca3e376718d52c0bc944626b2349266f239f820587
  rspec-core (3.13.6) sha256=a8823c6411667b60a8bca135364351dda34cd55e44ff94c4be4633b37d828b2d
  rspec-expectations (3.13.5) sha256=33a4d3a1d95060aea4c94e9f237030a8f9eae5615e9bd85718fe3a09e4b58836
  rspec-mocks (3.13.8) sha256=086ad3d3d17533f4237643de0b5c42f04b66348c28bf6b9c2d3f4a3b01af1d47
  rspec-support (3.13.7) sha256=0640e5570872aafefd79867901deeeeb40b0c9875a36b983d85f54fb7381c47c
  rubocop (1.86.1) sha256=44415f3f01d01a21e01132248d2fd0867572475b566ca188a0a42133a08d4531
  rubocop-ast (1.49.1) sha256=4412f3ee70f6fe4546cc489548e0f6fcf76cafcfa80fa03af67098ffed755035
  rubocop-legion (0.1.7)
  rubocop-performance (1.26.1) sha256=cd19b936ff196df85829d264b522fd4f98b6c89ad271fa52744a8c11b8f71834
  rubocop-thread_safety (0.7.3) sha256=067cdd52fbf5deffc18995437e45b5194236eaff4f71de3375a1f6052e48f431
  ruby-progressbar (1.13.0) sha256=80fc9c47a9b640d6834e0dc7b3c94c9df37f08cb072b7761e4a71e22cff29b33
  ruby_llm (1.14.1) sha256=7487d0f0bb9e86836d9233d656e10637370a6b22eb2555343c0a4c179ce7c500
  ruby_llm-schema (0.3.0) sha256=a591edc5ca1b7f0304f0e2261de61ba4b3bea17be09f5cf7558153adfda3dec6
  sequel (5.103.0) sha256=51bf23374cc585724fc51a2ae8b95283422c97ca4585ce28f3db27a26ce55a69
  sorted_set (1.1.0) sha256=bac01eb16b6bcfcdb7d732a28e87422be8b5c9fdcfeadbe9072682407524ee83
  sqlite3 (2.9.2-aarch64-linux-gnu) sha256=eeb86db55645b85327ba75129e3614658d974bf4da8fdc87018a0d42c59f6e42
  sqlite3 (2.9.2-aarch64-linux-musl) sha256=4feff91fb8c2b13688da34b5627c9d1ed9cedb3ee87a7114ec82209147f07a6d
  sqlite3 (2.9.2-arm-linux-gnu) sha256=1ee2eb06b5301aaf5ce343a6e88d99ac932d95202d7b350f0e7b6d8d588580d7
  sqlite3 (2.9.2-arm-linux-musl) sha256=8ca0de6aceede968de0394e22e95d549834c4d8e318f69a92a52f049878a0057
  sqlite3 (2.9.2-arm64-darwin) sha256=d15bd9609a05f9d54930babe039585efc8cadd57517c15b64ec7dfa75158a5e9
  sqlite3 (2.9.2-x86-linux-gnu) sha256=066bc904522f8a7072236a81237c03a4a1dfe070a25107e392de03d1e4ad0e6d
  sqlite3 (2.9.2-x86-linux-musl) sha256=6503c76278f5e8629b12b6518ff43a9a4f6d9381de73f0b086c9fa1226db5ede
  sqlite3 (2.9.2-x86_64-darwin) sha256=ed691b5021674d72582d03c5a38e89634b961902735fb6225273892805421d13
  sqlite3 (2.9.2-x86_64-linux-gnu) sha256=dce83ffcb7e72f9f7aeb6e5404f15d277a45332fe18ccce8a8b3ed51e8d23aee
  sqlite3 (2.9.2-x86_64-linux-musl) sha256=e8dd906a613f13b60f6d47ae9dda376384d9de1ab3f7e3f2fdf2fd18a871a2d7
  tzinfo (2.0.6) sha256=8daf828cc77bcf7d63b0e3bdb6caa47e2272dcfaf4fbfe46f8c3a9df087a829b
  unicode-display_width (3.2.0) sha256=0cdd96b5681a5949cdbc2c55e7b420facae74c4aaf9a9815eee1087cb1853c42
  unicode-emoji (4.2.0) sha256=519e69150f75652e40bf736106cfbc8f0f73aa3fb6a65afe62fefa7f80b0f80f
  uri (1.1.1) sha256=379fa58d27ffb1387eaada68c749d1426738bd0f654d812fcc07e7568f5c57c6
  vault (0.20.1) sha256=169cede8b9ea5f21c975ea92f7618c0d777d9d983afc06f2ddd39b3dd571d660
  zeitwerk (2.7.5) sha256=d8da92128c09ea6ec62c949011b00ed4a20242b255293dd66bf41545398f73dd

BUNDLED WITH
  4.0.6
